
Microsoft Visual Studio Solution File, Format Version 12.00
# Visual Studio 14
VisualStudioVersion = 14.0.25420.1
MinimumVisualStudioVersion = 10.0.40219.1
Project("{FAE04EC0-301F-11D3-BF4B-00C04F79EFBC}") = "HsBuddy.Web", "HsBuddy.Web\HsBuddy.Web.csproj", "{9CC680BC-9510-4079-9149-1C6BF08CBDB6}"
EndProject
Project("{FAE04EC0-301F-11D3-BF4B-00C04F79EFBC}") = "HsBuddy.Web.Tests", "HsBuddy.Web.Tests\HsBuddy.Web.Tests.csproj", "{C5DA7360-5AD0-41A9-BA22-9BC7C59E91B1}"
EndProject
Global
	GlobalSection(SolutionConfigurationPlatforms) = preSolution
		Debug|Any CPU = Debug|Any CPU
		Release|Any CPU = Release|Any CPU
	EndGlobalSection
	GlobalSection(ProjectConfigurationPlatforms) = postSolution
		{9CC680BC-9510-4079-9149-1C6BF08CBDB6}.Debug|Any CPU.ActiveCfg = Debug|Any CPU
		{9CC680BC-9510-4079-9149-1C6BF08CBDB6}.Debug|Any CPU.Build.0 = Debug|Any CPU
		{9CC680BC-9510-4079-9149-1C6BF08CBDB6}.Release|Any CPU.ActiveCfg = Release|Any CPU
		{9CC680BC-9510-4079-9149-1C6BF08CBDB6}.Release|Any CPU.Build.0 = Release|Any CPU
		{C5DA7360-5AD0-41A9-BA22-9BC7C59E91B1}.Debug|Any CPU.ActiveCfg = Debug|Any CPU
		{C5DA7360-5AD0-41A9-BA22-9BC7C59E91B1}.Debug|Any CPU.Build.0 = Debug|Any CPU
		{C5DA7360-5AD0-41A9-BA22-9BC7C59E91B1}.Release|Any CPU.ActiveCfg = Release|Any CPU
		{C5DA7360-5AD0-41A9-BA22-9BC7C59E91B1}.Release|Any CPU.Build.0 = Release|Any CPU
	EndGlobalSection
	GlobalSection(SolutionProperties) = preSolution
		HideSolutionNode = FALSE
	EndGlobalSection
EndGlobal
